
Microsoft Visual Studio Solution File, Format Version 12.00
# Visual Studio Version 17
VisualStudioVersion = 17.11.35327.3
MinimumVisualStudioVersion = 10.0.40219.1
Project("{FAE04EC0-301F-11D3-BF4B-00C04F79EFBC}") = "Second CRUD of 8th lesson", "Second CRUD of 8th lesson.csproj", "{D37D0DD9-6858-409B-95EA-E7A12C8762A8}"
EndProject
Global
	GlobalSection(SolutionConfigurationPlatforms) = preSolution
		Debug|Any CPU = Debug|Any CPU
		Release|Any CPU = Release|Any CPU
	EndGlobalSection
	GlobalSection(ProjectConfigurationPlatforms) = postSolution
		{D37D0DD9-6858-409B-95EA-E7A12C8762A8}.Debug|Any CPU.ActiveCfg = Debug|Any CPU
		{D37D0DD9-6858-409B-95EA-E7A12C8762A8}.Debug|Any CPU.Build.0 = Debug|Any CPU
		{D37D0DD9-6858-409B-95EA-E7A12C8762A8}.Release|Any CPU.ActiveCfg = Release|Any CPU
		{D37D0DD9-6858-409B-95EA-E7A12C8762A8}.Release|Any CPU.Build.0 = Release|Any CPU
	EndGlobalSection
	GlobalSection(SolutionProperties) = preSolution
		HideSolutionNode = FALSE
	EndGlobalSection
	GlobalSection(ExtensibilityGlobals) = postSolution
		SolutionGuid = {82E077EF-2A3A-4551-9613-0DF788C13324}
	EndGlobalSection
EndGlobal
